# Even CS Agent - Python Dependencies (Locked Versions)
# Generated: 2026-03-14
# Use this file for production deployments to ensure version consistency

# LLM Integration
google-generativeai==0.8.3

# Optional: For future enhancements
# requests==2.31.0  # For Shopify API (Skill Worker)
# python-dotenv==1.0.0  # For environment variables
